
Microsoft Visual Studio Solution File, Format Version 12.00
Project("{FAE04EC0-301F-11D3-BF4B-00C04F79EFBC}") = "ABC", "ABC\ABC.csproj", "{51DA40E0-F45A-4A9B-A0E7-4D66E45C42F8}"
EndProject
Project("{FAE04EC0-301F-11D3-BF4B-00C04F79EFBC}") = "ABC.Test", "ABC.Test\ABC.Test.csproj", "{5D967EFB-F4FB-4421-9DDF-C353E7E526B4}"
EndProject
Global
	GlobalSection(SolutionConfigurationPlatforms) = preSolution
		Debug|Any CPU = Debug|Any CPU
		Release|Any CPU = Release|Any CPU
	EndGlobalSection
	GlobalSection(ProjectConfigurationPlatforms) = postSolution
		{51DA40E0-F45A-4A9B-A0E7-4D66E45C42F8}.Debug|Any CPU.ActiveCfg = Debug|Any CPU
		{51DA40E0-F45A-4A9B-A0E7-4D66E45C42F8}.Debug|Any CPU.Build.0 = Debug|Any CPU
		{51DA40E0-F45A-4A9B-A0E7-4D66E45C42F8}.Release|Any CPU.ActiveCfg = Release|Any CPU
		{51DA40E0-F45A-4A9B-A0E7-4D66E45C42F8}.Release|Any CPU.Build.0 = Release|Any CPU
		{5D967EFB-F4FB-4421-9DDF-C353E7E526B4}.Debug|Any CPU.ActiveCfg = Debug|Any CPU
		{5D967EFB-F4FB-4421-9DDF-C353E7E526B4}.Debug|Any CPU.Build.0 = Debug|Any CPU
		{5D967EFB-F4FB-4421-9DDF-C353E7E526B4}.Release|Any CPU.ActiveCfg = Release|Any CPU
		{5D967EFB-F4FB-4421-9DDF-C353E7E526B4}.Release|Any CPU.Build.0 = Release|Any CPU
	EndGlobalSection
EndGlobal
